
Microsoft Visual Studio Solution File, Format Version 12.00
# Visual Studio Version 17
VisualStudioVersion = 17.3.32825.248
MinimumVisualStudioVersion = 10.0.40219.1
Project("{FAE04EC0-301F-11D3-BF4B-00C04F79EFBC}") = "WpfApp", "WpfApp\WpfApp.csproj", "{44026DCC-4053-409C-B1A4-5A5FC8F2E063}"
EndProject
Global
	GlobalSection(SolutionConfigurationPlatforms) = preSolution
		Debug|Any CPU = Debug|Any CPU
		Release|Any CPU = Release|Any CPU
	EndGlobalSection
	GlobalSection(ProjectConfigurationPlatforms) = postSolution
		{44026DCC-4053-409C-B1A4-5A5FC8F2E063}.Debug|Any CPU.ActiveCfg = Debug|Any CPU
		{44026DCC-4053-409C-B1A4-5A5FC8F2E063}.Debug|Any CPU.Build.0 = Debug|Any CPU
		{44026DCC-4053-409C-B1A4-5A5FC8F2E063}.Release|Any CPU.ActiveCfg = Release|Any CPU
		{44026DCC-4053-409C-B1A4-5A5FC8F2E063}.Release|Any CPU.Build.0 = Release|Any CPU
	EndGlobalSection
	GlobalSection(SolutionProperties) = preSolution
		HideSolutionNode = FALSE
	EndGlobalSection
	GlobalSection(ExtensibilityGlobals) = postSolution
		SolutionGuid = {9B726AF4-014C-444F-976F-A56D602EBFE7}
	EndGlobalSection
EndGlobal
